%{
  "antl_utils_ecto": {:hex, :antl_utils_ecto, "2.8.3", "1d22a783e31bc9fadfae6e6b1b594f3607263f1b675f27975bde8ff3dcaf2631", [:mix], [{:antl_utils_elixir, "~> 0.4", [hex: :antl_utils_elixir, repo: "hexpm", optional: false]}, {:ecto, "~> 3.0", [hex: :ecto, repo: "hexpm", optional: false]}, {:jason, "~> 1.2", [hex: :jason, repo: "hexpm", optional: false]}], "hexpm", "72e2a7ee5d90338509f70e71dda4d8e438909401f11893b640ce800e043a1744"},
  "antl_utils_elixir": {:hex, :antl_utils_elixir, "1.1.0", "0d961aedf576431cc1129371f99b3e1ab1969b5f1e05b454b0d9074d6fd8b7f3", [:mix], [], "hexpm", "81d260fe1131ce2203a6193ada03d8d216af176cf22aabb996f4aa3ef3691086"},
  "bypass": {:hex, :bypass, "2.1.0", "909782781bf8e20ee86a9cabde36b259d44af8b9f38756173e8f5e2e1fabb9b1", [:mix], [{:plug, "~> 1.7", [hex: :plug, repo: "hexpm", optional: false]}, {:plug_cowboy, "~> 2.0", [hex: :plug_cowboy, repo: "hexpm", optional: false]}, {:ranch, "~> 1.3", [hex: :ranch, repo: "hexpm", optional: false]}], "hexpm", "d9b5df8fa5b7a6efa08384e9bbecfe4ce61c77d28a4282f79e02f1ef78d96b80"},
  "captain_hook_signature": {:hex, :captain_hook_signature, "0.4.1", "44f0a853566d340d7ee71022509d654d8ad572226e3af8345b9dc59e0f23f911", [:mix], [{:jason, "~> 1.2", [hex: :jason, repo: "hexpm", optional: false]}, {:plug_cowboy, "~> 2.2", [hex: :plug_cowboy, repo: "hexpm", optional: false]}, {:plug_crypto, "~> 1.0", [hex: :plug_crypto, repo: "hexpm", optional: false]}], "hexpm", "af44c3364ebb28185844683dd8762b2841a30c11db7e6af9aabbcee1a075557e"},
  "castore": {:hex, :castore, "0.1.11", "c0665858e0e1c3e8c27178e73dffea699a5b28eb72239a3b2642d208e8594914", [:mix], [], "hexpm", "91b009ba61973b532b84f7c09ce441cba7aa15cb8b006cf06c6f4bba18220081"},
  "connection": {:hex, :connection, "1.1.0", "ff2a49c4b75b6fb3e674bfc5536451607270aac754ffd1bdfe175abe4a6d7a68", [:mix], [], "hexpm", "722c1eb0a418fbe91ba7bd59a47e28008a189d47e37e0e7bb85585a016b2869c"},
  "cowboy": {:hex, :cowboy, "2.9.0", "865dd8b6607e14cf03282e10e934023a1bd8be6f6bacf921a7e2a96d800cd452", [:make, :rebar3], [{:cowlib, "2.11.0", [hex: :cowlib, repo: "hexpm", optional: false]}, {:ranch, "1.8.0", [hex: :ranch, repo: "hexpm", optional: false]}], "hexpm", "2c729f934b4e1aa149aff882f57c6372c15399a20d54f65c8d67bef583021bde"},
  "cowboy_telemetry": {:hex, :cowboy_telemetry, "0.3.1", "ebd1a1d7aff97f27c66654e78ece187abdc646992714164380d8a041eda16754", [:rebar3], [{:cowboy, "~> 2.7", [hex: :cowboy, repo: "hexpm", optional: false]}, {:telemetry, "~> 0.4", [hex: :telemetry, repo: "hexpm", optional: false]}], "hexpm", "3a6efd3366130eab84ca372cbd4a7d3c3a97bdfcfb4911233b035d117063f0af"},
  "cowlib": {:hex, :cowlib, "2.11.0", "0b9ff9c346629256c42ebe1eeb769a83c6cb771a6ee5960bd110ab0b9b872063", [:make, :rebar3], [], "hexpm", "2b3e9da0b21c4565751a6d4901c20d1b4cc25cbb7fd50d91d2ab6dd287bc86a9"},
  "custom_base": {:hex, :custom_base, "0.2.1", "4a832a42ea0552299d81652aa0b1f775d462175293e99dfbe4d7dbaab785a706", [:mix], [], "hexpm", "8df019facc5ec9603e94f7270f1ac73ddf339f56ade76a721eaa57c1493ba463"},
  "db_connection": {:hex, :db_connection, "2.4.2", "f92e79aff2375299a16bcb069a14ee8615c3414863a6fef93156aee8e86c2ff3", [:mix], [{:connection, "~> 1.0", [hex: :connection, repo: "hexpm", optional: false]}, {:telemetry, "~> 0.4 or ~> 1.0", [hex: :telemetry, repo: "hexpm", optional: false]}], "hexpm", "4fe53ca91b99f55ea249693a0229356a08f4d1a7931d8ffa79289b145fe83668"},
  "decimal": {:hex, :decimal, "2.0.0", "a78296e617b0f5dd4c6caf57c714431347912ffb1d0842e998e9792b5642d697", [:mix], [], "hexpm", "34666e9c55dea81013e77d9d87370fe6cb6291d1ef32f46a1600230b1d44f577"},
  "earmark_parser": {:hex, :earmark_parser, "1.4.13", "0c98163e7d04a15feb62000e1a891489feb29f3d10cb57d4f845c405852bbef8", [:mix], [], "hexpm", "d602c26af3a0af43d2f2645613f65841657ad6efc9f0e361c3b6c06b578214ba"},
  "ecto": {:hex, :ecto, "3.7.2", "44c034f88e1980754983cc4400585970b4206841f6f3780967a65a9150ef09a8", [:mix], [{:decimal, "~> 1.6 or ~> 2.0", [hex: :decimal, repo: "hexpm", optional: false]}, {:jason, "~> 1.0", [hex: :jason, repo: "hexpm", optional: true]}, {:telemetry, "~> 0.4 or ~> 1.0", [hex: :telemetry, repo: "hexpm", optional: false]}], "hexpm", "a600da5772d1c31abbf06f3e4a1ffb150e74ed3e2aa92ff3cee95901657a874e"},
  "ecto_sql": {:hex, :ecto_sql, "3.7.2", "55c60aa3a06168912abf145c6df38b0295c34118c3624cf7a6977cd6ce043081", [:mix], [{:db_connection, "~> 2.2", [hex: :db_connection, repo: "hexpm", optional: false]}, {:ecto, "~> 3.7.0", [hex: :ecto, repo: "hexpm", optional: false]}, {:myxql, "~> 0.4.0 or ~> 0.5.0 or ~> 0.6.0", [hex: :myxql, repo: "hexpm", optional: true]}, {:postgrex, "~> 0.15.0 or ~> 0.16.0 or ~> 1.0", [hex: :postgrex, repo: "hexpm", optional: true]}, {:tds, "~> 2.1.1 or ~> 2.2", [hex: :tds, repo: "hexpm", optional: true]}, {:telemetry, "~> 0.4.0 or ~> 1.0", [hex: :telemetry, repo: "hexpm", optional: false]}], "hexpm", "3c218ea62f305dcaef0b915fb56583195e7b91c91dcfb006ba1f669bfacbff2a"},
  "ex_doc": {:hex, :ex_doc, "0.25.0", "4070a254664ee5495c2f7cce87c2f43064a8752f7976f2de4937b65871b05223", [:mix], [{:earmark_parser, "~> 1.4.0", [hex: :earmark_parser, repo: "hexpm", optional: false]}, {:makeup_elixir, "~> 0.14", [hex: :makeup_elixir, repo: "hexpm", optional: false]}, {:makeup_erlang, "~> 0.1", [hex: :makeup_erlang, repo: "hexpm", optional: false]}], "hexpm", "2d90883bd4f3d826af0bde7fea733a4c20adba1c79158e2330f7465821c8949b"},
  "finch": {:hex, :finch, "0.7.0", "2352962c81fd54952788d66e5eed436a7b734745e0c1cdd5b28a28184fe3e5cd", [:mix], [{:castore, "~> 0.1", [hex: :castore, repo: "hexpm", optional: false]}, {:mint, "~> 1.3", [hex: :mint, repo: "hexpm", optional: false]}, {:nimble_options, "~> 0.3.5", [hex: :nimble_options, repo: "hexpm", optional: false]}, {:nimble_pool, "~> 0.2", [hex: :nimble_pool, repo: "hexpm", optional: false]}, {:telemetry, "~> 0.4", [hex: :telemetry, repo: "hexpm", optional: false]}], "hexpm", "4e046b6a4f010898a036244d680ae212331aab2f0a1005bcded3e3e3364f0025"},
  "jason": {:hex, :jason, "1.3.0", "fa6b82a934feb176263ad2df0dbd91bf633d4a46ebfdffea0c8ae82953714946", [:mix], [{:decimal, "~> 1.0 or ~> 2.0", [hex: :decimal, repo: "hexpm", optional: true]}], "hexpm", "53fc1f51255390e0ec7e50f9cb41e751c260d065dcba2bf0d08dc51a4002c2ac"},
  "makeup": {:hex, :makeup, "1.0.5", "d5a830bc42c9800ce07dd97fa94669dfb93d3bf5fcf6ea7a0c67b2e0e4a7f26c", [:mix], [{:nimble_parsec, "~> 0.5 or ~> 1.0", [hex: :nimble_parsec, repo: "hexpm", optional: false]}], "hexpm", "cfa158c02d3f5c0c665d0af11512fed3fba0144cf1aadee0f2ce17747fba2ca9"},
  "makeup_elixir": {:hex, :makeup_elixir, "0.15.1", "b5888c880d17d1cc3e598f05cdb5b5a91b7b17ac4eaf5f297cb697663a1094dd", [:mix], [{:makeup, "~> 1.0", [hex: :makeup, repo: "hexpm", optional: false]}, {:nimble_parsec, "~> 1.1", [hex: :nimble_parsec, repo: "hexpm", optional: false]}], "hexpm", "db68c173234b07ab2a07f645a5acdc117b9f99d69ebf521821d89690ae6c6ec8"},
  "makeup_erlang": {:hex, :makeup_erlang, "0.1.1", "3fcb7f09eb9d98dc4d208f49cc955a34218fc41ff6b84df7c75b3e6e533cc65f", [:mix], [{:makeup, "~> 1.0", [hex: :makeup, repo: "hexpm", optional: false]}], "hexpm", "174d0809e98a4ef0b3309256cbf97101c6ec01c4ab0b23e926a9e17df2077cbb"},
  "mime": {:hex, :mime, "1.6.0", "dabde576a497cef4bbdd60aceee8160e02a6c89250d6c0b29e56c0dfb00db3d2", [:mix], [], "hexpm", "31a1a8613f8321143dde1dafc36006a17d28d02bdfecb9e95a880fa7aabd19a7"},
  "mint": {:hex, :mint, "1.3.0", "396b3301102f7b775e103da5a20494b25753aed818d6d6f0ad222a3a018c3600", [:mix], [{:castore, "~> 0.1.0", [hex: :castore, repo: "hexpm", optional: true]}], "hexpm", "a9aac960562e43ca69a77e5176576abfa78b8398cec5543dd4fb4ab0131d5c1e"},
  "mox": {:hex, :mox, "0.5.2", "55a0a5ba9ccc671518d068c8dddd20eeb436909ea79d1799e2209df7eaa98b6c", [:mix], [], "hexpm", "df4310628cd628ee181df93f50ddfd07be3e5ecc30232d3b6aadf30bdfe6092b"},
  "myxql": {:hex, :myxql, "0.6.1", "ed97d2af9e15c7da7ef7df1a29b2d0d4194444cbb146843715fab9f098c78de2", [:mix], [{:db_connection, "~> 2.4.1 or ~> 2.5", [hex: :db_connection, repo: "hexpm", optional: false]}, {:decimal, "~> 1.6 or ~> 2.0", [hex: :decimal, repo: "hexpm", optional: false]}, {:geo, "~> 3.4", [hex: :geo, repo: "hexpm", optional: true]}, {:jason, "~> 1.0", [hex: :jason, repo: "hexpm", optional: true]}], "hexpm", "cc34c3e6d5151d09175c107bd45d99865c26d149e29fc5a78a2f1b799325d76d"},
  "nimble_options": {:hex, :nimble_options, "0.3.6", "365d03c05d43483d3eacf820671dafce5b49d692667b3bb8cae28447fd2414ef", [:mix], [], "hexpm", "1c1d3536c4aee1be2c8f3c691bf27c62dbd88d9bb3a0b1a011913453932e8c15"},
  "nimble_parsec": {:hex, :nimble_parsec, "1.1.0", "3a6fca1550363552e54c216debb6a9e95bd8d32348938e13de5eda962c0d7f89", [:mix], [], "hexpm", "08eb32d66b706e913ff748f11694b17981c0b04a33ef470e33e11b3d3ac8f54b"},
  "nimble_pool": {:hex, :nimble_pool, "0.2.4", "1db8e9f8a53d967d595e0b32a17030cdb6c0dc4a451b8ac787bf601d3f7704c3", [:mix], [], "hexpm", "367e8071e137b787764e6a9992ccb57b276dc2282535f767a07d881951ebeac6"},
  "padlock": {:git, "https://github.com/annatel/padlock.git", "0ae17d69078954febb2aaaeef5a6a4d0b5173b5e", [tag: "0.2.0"]},
  "plug": {:hex, :plug, "1.12.1", "645678c800601d8d9f27ad1aebba1fdb9ce5b2623ddb961a074da0b96c35187d", [:mix], [{:mime, "~> 1.0 or ~> 2.0", [hex: :mime, repo: "hexpm", optional: false]}, {:plug_crypto, "~> 1.1.1 or ~> 1.2", [hex: :plug_crypto, repo: "hexpm", optional: false]}, {:telemetry, "~> 0.4.3 or ~> 1.0", [hex: :telemetry, repo: "hexpm", optional: false]}], "hexpm", "d57e799a777bc20494b784966dc5fbda91eb4a09f571f76545b72a634ce0d30b"},
  "plug_cowboy": {:hex, :plug_cowboy, "2.5.1", "7cc96ff645158a94cf3ec9744464414f02287f832d6847079adfe0b58761cbd0", [:mix], [{:cowboy, "~> 2.7", [hex: :cowboy, repo: "hexpm", optional: false]}, {:cowboy_telemetry, "~> 0.3", [hex: :cowboy_telemetry, repo: "hexpm", optional: false]}, {:plug, "~> 1.7", [hex: :plug, repo: "hexpm", optional: false]}, {:telemetry, "~> 0.4 or ~> 1.0", [hex: :telemetry, repo: "hexpm", optional: false]}], "hexpm", "107d0a5865fa92bcb48e631cc0729ae9ccfa0a9f9a1bd8f01acb513abf1c2d64"},
  "plug_crypto": {:hex, :plug_crypto, "1.2.2", "05654514ac717ff3a1843204b424477d9e60c143406aa94daf2274fdd280794d", [:mix], [], "hexpm", "87631c7ad914a5a445f0a3809f99b079113ae4ed4b867348dd9eec288cecb6db"},
  "queuetopia": {:hex, :queuetopia, "2.3.1", "9be8fabc6abeafc038d7f7e29f8061e7efca4671f17021c319cc47f4bbcbcbc4", [:mix], [{:antl_utils_ecto, "~> 2.4", [hex: :antl_utils_ecto, repo: "hexpm", optional: false]}, {:ecto_sql, "~> 3.6", [hex: :ecto_sql, repo: "hexpm", optional: false]}, {:jason, "~> 1.2", [hex: :jason, repo: "hexpm", optional: false]}], "hexpm", "fd5e4942414187f3b53e42675b1463056b5e7eba579b1c52a6c0fe5d07ef58a1"},
  "ranch": {:hex, :ranch, "1.8.0", "8c7a100a139fd57f17327b6413e4167ac559fbc04ca7448e9be9057311597a1d", [:make, :rebar3], [], "hexpm", "49fbcfd3682fab1f5d109351b61257676da1a2fdbe295904176d5e521a2ddfe5"},
  "recase": {:hex, :recase, "0.7.0", "3f2f719f0886c7a3b7fe469058ec539cb7bbe0023604ae3bce920e186305e5ae", [:mix], [], "hexpm", "36f5756a9f552f4a94b54a695870e32f4e72d5fad9c25e61bc4a3151c08a4e0c"},
  "shortcode": {:hex, :shortcode, "0.7.0", "61af7884e771ec5c54ea3ca090e7cd3fd85de30d00313676a852e83d2e87f082", [:mix], [{:custom_base, "~> 0.2", [hex: :custom_base, repo: "hexpm", optional: false]}, {:ecto, "~> 3.5", [hex: :ecto, repo: "hexpm", optional: false]}], "hexpm", "0cd38a26ab2bd90187b1283120620e7886d103d5e3af8e2be683fa74c465d0ed"},
  "telemetry": {:hex, :telemetry, "0.4.3", "a06428a514bdbc63293cd9a6263aad00ddeb66f608163bdec7c8995784080818", [:rebar3], [], "hexpm", "eb72b8365ffda5bed68a620d1da88525e326cb82a75ee61354fc24b844768041"},
}
